{
  "name": "battlebot-api",
  "lockfileVersion": 2,
  "requires": true,
  "packages": {
    "": {
      "devDependencies": {
        "@cloudflare/workers-types": "^4.20230717.1"
      }
    },
    "node_modules/@cloudflare/workers-types": {
      "version": "4.20230717.1",
      "resolved": "https://registry.npmjs.org/@cloudflare/workers-types/-/workers-types-4.20230717.1.tgz",
      "integrity": "sha512-JmtYqsn/rc0gq83rlgItGsh/aJsTQh6ebJTDbq794kGOH7ym6MlpLtbCJj/Qz+hCPgdqoHDOLTlQQguARLi78A==",
      "dev": true
    }
  },
  "dependencies": {
    "@cloudflare/workers-types": {
      "version": "4.20230717.1",
      "resolved": "https://registry.npmjs.org/@cloudflare/workers-types/-/workers-types-4.20230717.1.tgz",
      "integrity": "sha512-JmtYqsn/rc0gq83rlgItGsh/aJsTQh6ebJTDbq794kGOH7ym6MlpLtbCJj/Qz+hCPgdqoHDOLTlQQguARLi78A==",
      "dev": true
    }
  }
}
